
Microsoft Visual Studio Solution File, Format Version 12.00
# Visual Studio 15
VisualStudioVersion = 15.0.27703.2047
MinimumVisualStudioVersion = 10.0.40219.1
Project("{FAE04EC0-301F-11D3-BF4B-00C04F79EFBC}") = "Proyecto01", "Proyecto01\Proyecto01.csproj", "{401D8F36-D860-4E54-BBB4-3307597962FA}"
EndProject
Project("{FAE04EC0-301F-11D3-BF4B-00C04F79EFBC}") = "Ejercicio_01", "Ejercicio_01\Ejercicio_01.csproj", "{FBA3E5BE-90AA-44E4-B486-F338D7DCDC82}"
EndProject
Project("{FAE04EC0-301F-11D3-BF4B-00C04F79EFBC}") = "Ejercicio_02", "Ejercicio_02\Ejercicio_02.csproj", "{75084B18-7797-4DD8-8E90-DB82D53BD580}"
EndProject
Project("{FAE04EC0-301F-11D3-BF4B-00C04F79EFBC}") = "Ejercicio_03", "Ejercicio_03\Ejercicio_03.csproj", "{D8194E05-5F8D-4D4B-A9CB-4ADBE4BB0CEC}"
EndProject
Project("{FAE04EC0-301F-11D3-BF4B-00C04F79EFBC}") = "Clase_02", "Clase_02\Clase_02.csproj", "{26A2D9CF-10A6-4A49-AE21-4D2D92A91D20}"
EndProject
Project("{FAE04EC0-301F-11D3-BF4B-00C04F79EFBC}") = "Ejercicio_17", "Ejercicio_17\Ejercicio_17.csproj", "{87A4ACAD-8386-4ED2-8C76-175CA7179A3A}"
EndProject
Project("{FAE04EC0-301F-11D3-BF4B-00C04F79EFBC}") = "Librerias", "Librerias\Librerias.csproj", "{A1F6B3FD-A77D-4BCE-B69F-3598F2DA7874}"
EndProject
Project("{FAE04EC0-301F-11D3-BF4B-00C04F79EFBC}") = "Clase04.entidades", "Clase04.entidades\Clase04.entidades.csproj", "{FC4E8F5C-957A-4FE8-A3EB-CB1B34807722}"
EndProject
Project("{FAE04EC0-301F-11D3-BF4B-00C04F79EFBC}") = "Clase04", "Clase04\Clase04.csproj", "{BC28A325-4F63-44A8-871E-FE30DBB9BB16}"
EndProject
Project("{FAE04EC0-301F-11D3-BF4B-00C04F79EFBC}") = "Clase04.windowsForms", "Clase04.windowsForms\Clase04.windowsForms.csproj", "{67A74213-4B50-4564-B8FE-F96C5CF6646B}"
EndProject
Project("{FAE04EC0-301F-11D3-BF4B-00C04F79EFBC}") = "Clase05", "Clase05\Clase05.csproj", "{D6C9912B-A1A3-440E-94E7-86A892999579}"
EndProject
Project("{FAE04EC0-301F-11D3-BF4B-00C04F79EFBC}") = "Clase05Main", "Clase05Main\Clase05Main.csproj", "{D4279A92-AAD6-4388-B1C2-3C2EF878E825}"
EndProject
Project("{FAE04EC0-301F-11D3-BF4B-00C04F79EFBC}") = "Clase06.entidades", "Tempera\Clase06.entidades.csproj", "{A8023ABB-4FC9-4040-B8C3-DC45FB264CCA}"
EndProject
Project("{FAE04EC0-301F-11D3-BF4B-00C04F79EFBC}") = "Clase06.Main", "Clase06.Main\Clase06.Main.csproj", "{E7CC883D-8623-4B99-BE9C-1B4F9B93B531}"
EndProject
Project("{FAE04EC0-301F-11D3-BF4B-00C04F79EFBC}") = "Clase07.windowsForms", "Clase07\Clase07.windowsForms.csproj", "{A51582E6-B45C-4B95-BB19-FD625DCC7FB9}"
EndProject
Project("{FAE04EC0-301F-11D3-BF4B-00C04F79EFBC}") = "Vehiculos", "Vehiculos\Vehiculos.csproj", "{C2441F6A-5BB1-450A-AF6E-699B71FA9F4D}"
EndProject
Project("{FAE04EC0-301F-11D3-BF4B-00C04F79EFBC}") = "VehiculosMain", "VehiculosMain\VehiculosMain.csproj", "{F41F6D41-7EAB-4C6D-A5B9-515F30A07D09}"
EndProject
Project("{FAE04EC0-301F-11D3-BF4B-00C04F79EFBC}") = "Lavadero", "Lavadero\Lavadero.csproj", "{2E84F716-9B69-4AA4-B0E6-785DE3428C8C}"
EndProject
Project("{FAE04EC0-301F-11D3-BF4B-00C04F79EFBC}") = "Lavadero.Main", "Lavadero.Main\Lavadero.Main.csproj", "{1AC5896F-A362-4D54-854A-1B271635D753}"
EndProject
Project("{FAE04EC0-301F-11D3-BF4B-00C04F79EFBC}") = "Clase14.Entidades", "Clase14.Entidades\Clase14.Entidades.csproj", "{6F9A2D98-0139-4602-9028-7C532CD2577E}"
EndProject
Project("{FAE04EC0-301F-11D3-BF4B-00C04F79EFBC}") = "Clase14.Main", "Clase14.Main\Clase14.Main.csproj", "{53C55CF1-54AA-4CCE-AF32-3A1772DD6255}"
EndProject
Project("{FAE04EC0-301F-11D3-BF4B-00C04F79EFBC}") = "Clase15.WindowsForm", "Clase15.WindowsForm\Clase15.WindowsForm.csproj", "{F6BC6230-03D1-4F90-97CA-FFA817D4FB06}"
EndProject
Project("{FAE04EC0-301F-11D3-BF4B-00C04F79EFBC}") = "Entidades.Deposito", "Entidades\Entidades.Deposito.csproj", "{2030C3A7-29DE-4773-B1B2-B9498F6914C5}"
EndProject
Project("{FAE04EC0-301F-11D3-BF4B-00C04F79EFBC}") = "Test.Entidades.Deposito", "Test.Entidades.Deposito\Test.Entidades.Deposito.csproj", "{F5E24B24-D75C-402E-834A-B90A88813CCA}"
EndProject
Project("{FAE04EC0-301F-11D3-BF4B-00C04F79EFBC}") = "Entidades.Clase18", "Entidades.Clase18\Entidades.Clase18.csproj", "{3E386244-5AA3-4647-BB2E-71B412CF52F0}"
EndProject
Project("{FAE04EC0-301F-11D3-BF4B-00C04F79EFBC}") = "Clase18.Test", "Clase18.Test\Clase18.Test.csproj", "{6E75DF83-E402-4738-A436-561C630F103C}"
EndProject
Project("{FAE04EC0-301F-11D3-BF4B-00C04F79EFBC}") = "Clase19SQL", "Clase19SQL\Clase19SQL.csproj", "{7E36B9C6-A6E6-4BB3-9FD7-A4D280DFA829}"
EndProject
Project("{FAE04EC0-301F-11D3-BF4B-00C04F79EFBC}") = "Clase19SQL.Test", "Clase19SQL.Test\Clase19SQL.Test.csproj", "{B6028985-E8A3-4E49-9344-FB8ADA09C4DD}"
EndProject
Global
	GlobalSection(SolutionConfigurationPlatforms) = preSolution
		Debug|Any CPU = Debug|Any CPU
		Release|Any CPU = Release|Any CPU
	EndGlobalSection
	GlobalSection(ProjectConfigurationPlatforms) = postSolution
		{401D8F36-D860-4E54-BBB4-3307597962FA}.Debug|Any CPU.ActiveCfg = Debug|Any CPU
		{401D8F36-D860-4E54-BBB4-3307597962FA}.Debug|Any CPU.Build.0 = Debug|Any CPU
		{401D8F36-D860-4E54-BBB4-3307597962FA}.Release|Any CPU.ActiveCfg = Release|Any CPU
		{401D8F36-D860-4E54-BBB4-3307597962FA}.Release|Any CPU.Build.0 = Release|Any CPU
		{FBA3E5BE-90AA-44E4-B486-F338D7DCDC82}.Debug|Any CPU.ActiveCfg = Debug|Any CPU
		{FBA3E5BE-90AA-44E4-B486-F338D7DCDC82}.Debug|Any CPU.Build.0 = Debug|Any CPU
		{FBA3E5BE-90AA-44E4-B486-F338D7DCDC82}.Release|Any CPU.ActiveCfg = Release|Any CPU
		{FBA3E5BE-90AA-44E4-B486-F338D7DCDC82}.Release|Any CPU.Build.0 = Release|Any CPU
		{75084B18-7797-4DD8-8E90-DB82D53BD580}.Debug|Any CPU.ActiveCfg = Debug|Any CPU
		{75084B18-7797-4DD8-8E90-DB82D53BD580}.Debug|Any CPU.Build.0 = Debug|Any CPU
		{75084B18-7797-4DD8-8E90-DB82D53BD580}.Release|Any CPU.ActiveCfg = Release|Any CPU
		{75084B18-7797-4DD8-8E90-DB82D53BD580}.Release|Any CPU.Build.0 = Release|Any CPU
		{D8194E05-5F8D-4D4B-A9CB-4ADBE4BB0CEC}.Debug|Any CPU.ActiveCfg = Debug|Any CPU
		{D8194E05-5F8D-4D4B-A9CB-4ADBE4BB0CEC}.Debug|Any CPU.Build.0 = Debug|Any CPU
		{D8194E05-5F8D-4D4B-A9CB-4ADBE4BB0CEC}.Release|Any CPU.ActiveCfg = Release|Any CPU
		{D8194E05-5F8D-4D4B-A9CB-4ADBE4BB0CEC}.Release|Any CPU.Build.0 = Release|Any CPU
		{26A2D9CF-10A6-4A49-AE21-4D2D92A91D20}.Debug|Any CPU.ActiveCfg = Debug|Any CPU
		{26A2D9CF-10A6-4A49-AE21-4D2D92A91D20}.Debug|Any CPU.Build.0 = Debug|Any CPU
		{26A2D9CF-10A6-4A49-AE21-4D2D92A91D20}.Release|Any CPU.ActiveCfg = Release|Any CPU
		{26A2D9CF-10A6-4A49-AE21-4D2D92A91D20}.Release|Any CPU.Build.0 = Release|Any CPU
		{87A4ACAD-8386-4ED2-8C76-175CA7179A3A}.Debug|Any CPU.ActiveCfg = Debug|Any CPU
		{87A4ACAD-8386-4ED2-8C76-175CA7179A3A}.Debug|Any CPU.Build.0 = Debug|Any CPU
		{87A4ACAD-8386-4ED2-8C76-175CA7179A3A}.Release|Any CPU.ActiveCfg = Release|Any CPU
		{87A4ACAD-8386-4ED2-8C76-175CA7179A3A}.Release|Any CPU.Build.0 = Release|Any CPU
		{A1F6B3FD-A77D-4BCE-B69F-3598F2DA7874}.Debug|Any CPU.ActiveCfg = Debug|Any CPU
		{A1F6B3FD-A77D-4BCE-B69F-3598F2DA7874}.Debug|Any CPU.Build.0 = Debug|Any CPU
		{A1F6B3FD-A77D-4BCE-B69F-3598F2DA7874}.Release|Any CPU.ActiveCfg = Release|Any CPU
		{A1F6B3FD-A77D-4BCE-B69F-3598F2DA7874}.Release|Any CPU.Build.0 = Release|Any CPU
		{FC4E8F5C-957A-4FE8-A3EB-CB1B34807722}.Debug|Any CPU.ActiveCfg = Debug|Any CPU
		{FC4E8F5C-957A-4FE8-A3EB-CB1B34807722}.Debug|Any CPU.Build.0 = Debug|Any CPU
		{FC4E8F5C-957A-4FE8-A3EB-CB1B34807722}.Release|Any CPU.ActiveCfg = Release|Any CPU
		{FC4E8F5C-957A-4FE8-A3EB-CB1B34807722}.Release|Any CPU.Build.0 = Release|Any CPU
		{BC28A325-4F63-44A8-871E-FE30DBB9BB16}.Debug|Any CPU.ActiveCfg = Debug|Any CPU
		{BC28A325-4F63-44A8-871E-FE30DBB9BB16}.Debug|Any CPU.Build.0 = Debug|Any CPU
		{BC28A325-4F63-44A8-871E-FE30DBB9BB16}.Release|Any CPU.ActiveCfg = Release|Any CPU
		{BC28A325-4F63-44A8-871E-FE30DBB9BB16}.Release|Any CPU.Build.0 = Release|Any CPU
		{67A74213-4B50-4564-B8FE-F96C5CF6646B}.Debug|Any CPU.ActiveCfg = Debug|Any CPU
		{67A74213-4B50-4564-B8FE-F96C5CF6646B}.Debug|Any CPU.Build.0 = Debug|Any CPU
		{67A74213-4B50-4564-B8FE-F96C5CF6646B}.Release|Any CPU.ActiveCfg = Release|Any CPU
		{67A74213-4B50-4564-B8FE-F96C5CF6646B}.Release|Any CPU.Build.0 = Release|Any CPU
		{D6C9912B-A1A3-440E-94E7-86A892999579}.Debug|Any CPU.ActiveCfg = Debug|Any CPU
		{D6C9912B-A1A3-440E-94E7-86A892999579}.Debug|Any CPU.Build.0 = Debug|Any CPU
		{D6C9912B-A1A3-440E-94E7-86A892999579}.Release|Any CPU.ActiveCfg = Release|Any CPU
		{D6C9912B-A1A3-440E-94E7-86A892999579}.Release|Any CPU.Build.0 = Release|Any CPU
		{D4279A92-AAD6-4388-B1C2-3C2EF878E825}.Debug|Any CPU.ActiveCfg = Debug|Any CPU
		{D4279A92-AAD6-4388-B1C2-3C2EF878E825}.Debug|Any CPU.Build.0 = Debug|Any CPU
		{D4279A92-AAD6-4388-B1C2-3C2EF878E825}.Release|Any CPU.ActiveCfg = Release|Any CPU
		{D4279A92-AAD6-4388-B1C2-3C2EF878E825}.Release|Any CPU.Build.0 = Release|Any CPU
		{A8023ABB-4FC9-4040-B8C3-DC45FB264CCA}.Debug|Any CPU.ActiveCfg = Debug|Any CPU
		{A8023ABB-4FC9-4040-B8C3-DC45FB264CCA}.Debug|Any CPU.Build.0 = Debug|Any CPU
		{A8023ABB-4FC9-4040-B8C3-DC45FB264CCA}.Release|Any CPU.ActiveCfg = Release|Any CPU
		{A8023ABB-4FC9-4040-B8C3-DC45FB264CCA}.Release|Any CPU.Build.0 = Release|Any CPU
		{E7CC883D-8623-4B99-BE9C-1B4F9B93B531}.Debug|Any CPU.ActiveCfg = Debug|Any CPU
		{E7CC883D-8623-4B99-BE9C-1B4F9B93B531}.Debug|Any CPU.Build.0 = Debug|Any CPU
		{E7CC883D-8623-4B99-BE9C-1B4F9B93B531}.Release|Any CPU.ActiveCfg = Release|Any CPU
		{E7CC883D-8623-4B99-BE9C-1B4F9B93B531}.Release|Any CPU.Build.0 = Release|Any CPU
		{A51582E6-B45C-4B95-BB19-FD625DCC7FB9}.Debug|Any CPU.ActiveCfg = Debug|Any CPU
		{A51582E6-B45C-4B95-BB19-FD625DCC7FB9}.Debug|Any CPU.Build.0 = Debug|Any CPU
		{A51582E6-B45C-4B95-BB19-FD625DCC7FB9}.Release|Any CPU.ActiveCfg = Release|Any CPU
		{A51582E6-B45C-4B95-BB19-FD625DCC7FB9}.Release|Any CPU.Build.0 = Release|Any CPU
		{C2441F6A-5BB1-450A-AF6E-699B71FA9F4D}.Debug|Any CPU.ActiveCfg = Debug|Any CPU
		{C2441F6A-5BB1-450A-AF6E-699B71FA9F4D}.Debug|Any CPU.Build.0 = Debug|Any CPU
		{C2441F6A-5BB1-450A-AF6E-699B71FA9F4D}.Release|Any CPU.ActiveCfg = Release|Any CPU
		{C2441F6A-5BB1-450A-AF6E-699B71FA9F4D}.Release|Any CPU.Build.0 = Release|Any CPU
		{F41F6D41-7EAB-4C6D-A5B9-515F30A07D09}.Debug|Any CPU.ActiveCfg = Debug|Any CPU
		{F41F6D41-7EAB-4C6D-A5B9-515F30A07D09}.Debug|Any CPU.Build.0 = Debug|Any CPU
		{F41F6D41-7EAB-4C6D-A5B9-515F30A07D09}.Release|Any CPU.ActiveCfg = Release|Any CPU
		{F41F6D41-7EAB-4C6D-A5B9-515F30A07D09}.Release|Any CPU.Build.0 = Release|Any CPU
		{2E84F716-9B69-4AA4-B0E6-785DE3428C8C}.Debug|Any CPU.ActiveCfg = Debug|Any CPU
		{2E84F716-9B69-4AA4-B0E6-785DE3428C8C}.Debug|Any CPU.Build.0 = Debug|Any CPU
		{2E84F716-9B69-4AA4-B0E6-785DE3428C8C}.Release|Any CPU.ActiveCfg = Release|Any CPU
		{2E84F716-9B69-4AA4-B0E6-785DE3428C8C}.Release|Any CPU.Build.0 = Release|Any CPU
		{1AC5896F-A362-4D54-854A-1B271635D753}.Debug|Any CPU.ActiveCfg = Debug|Any CPU
		{1AC5896F-A362-4D54-854A-1B271635D753}.Debug|Any CPU.Build.0 = Debug|Any CPU
		{1AC5896F-A362-4D54-854A-1B271635D753}.Release|Any CPU.ActiveCfg = Release|Any CPU
		{1AC5896F-A362-4D54-854A-1B271635D753}.Release|Any CPU.Build.0 = Release|Any CPU
		{6F9A2D98-0139-4602-9028-7C532CD2577E}.Debug|Any CPU.ActiveCfg = Debug|Any CPU
		{6F9A2D98-0139-4602-9028-7C532CD2577E}.Debug|Any CPU.Build.0 = Debug|Any CPU
		{6F9A2D98-0139-4602-9028-7C532CD2577E}.Release|Any CPU.ActiveCfg = Release|Any CPU
		{6F9A2D98-0139-4602-9028-7C532CD2577E}.Release|Any CPU.Build.0 = Release|Any CPU
		{53C55CF1-54AA-4CCE-AF32-3A1772DD6255}.Debug|Any CPU.ActiveCfg = Debug|Any CPU
		{53C55CF1-54AA-4CCE-AF32-3A1772DD6255}.Debug|Any CPU.Build.0 = Debug|Any CPU
		{53C55CF1-54AA-4CCE-AF32-3A1772DD6255}.Release|Any CPU.ActiveCfg = Release|Any CPU
		{53C55CF1-54AA-4CCE-AF32-3A1772DD6255}.Release|Any CPU.Build.0 = Release|Any CPU
		{F6BC6230-03D1-4F90-97CA-FFA817D4FB06}.Debug|Any CPU.ActiveCfg = Debug|Any CPU
		{F6BC6230-03D1-4F90-97CA-FFA817D4FB06}.Debug|Any CPU.Build.0 = Debug|Any CPU
		{F6BC6230-03D1-4F90-97CA-FFA817D4FB06}.Release|Any CPU.ActiveCfg = Release|Any CPU
		{F6BC6230-03D1-4F90-97CA-FFA817D4FB06}.Release|Any CPU.Build.0 = Release|Any CPU
		{2030C3A7-29DE-4773-B1B2-B9498F6914C5}.Debug|Any CPU.ActiveCfg = Debug|Any CPU
		{2030C3A7-29DE-4773-B1B2-B9498F6914C5}.Debug|Any CPU.Build.0 = Debug|Any CPU
		{2030C3A7-29DE-4773-B1B2-B9498F6914C5}.Release|Any CPU.ActiveCfg = Release|Any CPU
		{2030C3A7-29DE-4773-B1B2-B9498F6914C5}.Release|Any CPU.Build.0 = Release|Any CPU
		{F5E24B24-D75C-402E-834A-B90A88813CCA}.Debug|Any CPU.ActiveCfg = Debug|Any CPU
		{F5E24B24-D75C-402E-834A-B90A88813CCA}.Debug|Any CPU.Build.0 = Debug|Any CPU
		{F5E24B24-D75C-402E-834A-B90A88813CCA}.Release|Any CPU.ActiveCfg = Release|Any CPU
		{F5E24B24-D75C-402E-834A-B90A88813CCA}.Release|Any CPU.Build.0 = Release|Any CPU
		{3E386244-5AA3-4647-BB2E-71B412CF52F0}.Debug|Any CPU.ActiveCfg = Debug|Any CPU
		{3E386244-5AA3-4647-BB2E-71B412CF52F0}.Debug|Any CPU.Build.0 = Debug|Any CPU
		{3E386244-5AA3-4647-BB2E-71B412CF52F0}.Release|Any CPU.ActiveCfg = Release|Any CPU
		{3E386244-5AA3-4647-BB2E-71B412CF52F0}.Release|Any CPU.Build.0 = Release|Any CPU
		{6E75DF83-E402-4738-A436-561C630F103C}.Debug|Any CPU.ActiveCfg = Debug|Any CPU
		{6E75DF83-E402-4738-A436-561C630F103C}.Debug|Any CPU.Build.0 = Debug|Any CPU
		{6E75DF83-E402-4738-A436-561C630F103C}.Release|Any CPU.ActiveCfg = Release|Any CPU
		{6E75DF83-E402-4738-A436-561C630F103C}.Release|Any CPU.Build.0 = Release|Any CPU
		{7E36B9C6-A6E6-4BB3-9FD7-A4D280DFA829}.Debug|Any CPU.ActiveCfg = Debug|Any CPU
		{7E36B9C6-A6E6-4BB3-9FD7-A4D280DFA829}.Debug|Any CPU.Build.0 = Debug|Any CPU
		{7E36B9C6-A6E6-4BB3-9FD7-A4D280DFA829}.Release|Any CPU.ActiveCfg = Release|Any CPU
		{7E36B9C6-A6E6-4BB3-9FD7-A4D280DFA829}.Release|Any CPU.Build.0 = Release|Any CPU
		{B6028985-E8A3-4E49-9344-FB8ADA09C4DD}.Debug|Any CPU.ActiveCfg = Debug|Any CPU
		{B6028985-E8A3-4E49-9344-FB8ADA09C4DD}.Debug|Any CPU.Build.0 = Debug|Any CPU
		{B6028985-E8A3-4E49-9344-FB8ADA09C4DD}.Release|Any CPU.ActiveCfg = Release|Any CPU
		{B6028985-E8A3-4E49-9344-FB8ADA09C4DD}.Release|Any CPU.Build.0 = Release|Any CPU
	EndGlobalSection
	GlobalSection(SolutionProperties) = preSolution
		HideSolutionNode = FALSE
	EndGlobalSection
	GlobalSection(ExtensibilityGlobals) = postSolution
		SolutionGuid = {B2A18964-28FB-4D27-B21F-88FF3482A8AD}
	EndGlobalSection
EndGlobal
