
Microsoft Visual Studio Solution File, Format Version 12.00
# Visual Studio 15
VisualStudioVersion = 15.0.27703.2047
MinimumVisualStudioVersion = 10.0.40219.1
Project("{FAE04EC0-301F-11D3-BF4B-00C04F79EFBC}") = "Proyecto01", "Proyecto01\Proyecto01.csproj", "{401D8F36-D860-4E54-BBB4-3307597962FA}"
EndProject
Project("{FAE04EC0-301F-11D3-BF4B-00C04F79EFBC}") = "Ejercicio_01", "Ejercicio_01\Ejercicio_01.csproj", "{FBA3E5BE-90AA-44E4-B486-F338D7DCDC82}"
EndProject
Project("{FAE04EC0-301F-11D3-BF4B-00C04F79EFBC}") = "Ejercicio_02", "Ejercicio_02\Ejercicio_02.csproj", "{75084B18-7797-4DD8-8E90-DB82D53BD580}"
EndProject
Project("{FAE04EC0-301F-11D3-BF4B-00C04F79EFBC}") = "Ejercicio_03", "Ejercicio_03\Ejercicio_03.csproj", "{D8194E05-5F8D-4D4B-A9CB-4ADBE4BB0CEC}"
EndProject
Project("{FAE04EC0-301F-11D3-BF4B-00C04F79EFBC}") = "Clase_02", "Clase_02\Clase_02.csproj", "{26A2D9CF-10A6-4A49-AE21-4D2D92A91D20}"
EndProject
Project("{FAE04EC0-301F-11D3-BF4B-00C04F79EFBC}") = "Ejercicio_17", "Ejercicio_17\Ejercicio_17.csproj", "{87A4ACAD-8386-4ED2-8C76-175CA7179A3A}"
EndProject
Project("{FAE04EC0-301F-11D3-BF4B-00C04F79EFBC}") = "Librerias", "Librerias\Librerias.csproj", "{A1F6B3FD-A77D-4BCE-B69F-3598F2DA7874}"
EndProject
Global
	GlobalSection(SolutionConfigurationPlatforms) = preSolution
		Debug|Any CPU = Debug|Any CPU
		Release|Any CPU = Release|Any CPU
	EndGlobalSection
	GlobalSection(ProjectConfigurationPlatforms) = postSolution
		{401D8F36-D860-4E54-BBB4-3307597962FA}.Debug|Any CPU.ActiveCfg = Debug|Any CPU
		{401D8F36-D860-4E54-BBB4-3307597962FA}.Debug|Any CPU.Build.0 = Debug|Any CPU
		{401D8F36-D860-4E54-BBB4-3307597962FA}.Release|Any CPU.ActiveCfg = Release|Any CPU
		{401D8F36-D860-4E54-BBB4-3307597962FA}.Release|Any CPU.Build.0 = Release|Any CPU
		{FBA3E5BE-90AA-44E4-B486-F338D7DCDC82}.Debug|Any CPU.ActiveCfg = Debug|Any CPU
		{FBA3E5BE-90AA-44E4-B486-F338D7DCDC82}.Debug|Any CPU.Build.0 = Debug|Any CPU
		{FBA3E5BE-90AA-44E4-B486-F338D7DCDC82}.Release|Any CPU.ActiveCfg = Release|Any CPU
		{FBA3E5BE-90AA-44E4-B486-F338D7DCDC82}.Release|Any CPU.Build.0 = Release|Any CPU
		{75084B18-7797-4DD8-8E90-DB82D53BD580}.Debug|Any CPU.ActiveCfg = Debug|Any CPU
		{75084B18-7797-4DD8-8E90-DB82D53BD580}.Debug|Any CPU.Build.0 = Debug|Any CPU
		{75084B18-7797-4DD8-8E90-DB82D53BD580}.Release|Any CPU.ActiveCfg = Release|Any CPU
		{75084B18-7797-4DD8-8E90-DB82D53BD580}.Release|Any CPU.Build.0 = Release|Any CPU
		{D8194E05-5F8D-4D4B-A9CB-4ADBE4BB0CEC}.Debug|Any CPU.ActiveCfg = Debug|Any CPU
		{D8194E05-5F8D-4D4B-A9CB-4ADBE4BB0CEC}.Debug|Any CPU.Build.0 = Debug|Any CPU
		{D8194E05-5F8D-4D4B-A9CB-4ADBE4BB0CEC}.Release|Any CPU.ActiveCfg = Release|Any CPU
		{D8194E05-5F8D-4D4B-A9CB-4ADBE4BB0CEC}.Release|Any CPU.Build.0 = Release|Any CPU
		{26A2D9CF-10A6-4A49-AE21-4D2D92A91D20}.Debug|Any CPU.ActiveCfg = Debug|Any CPU
		{26A2D9CF-10A6-4A49-AE21-4D2D92A91D20}.Debug|Any CPU.Build.0 = Debug|Any CPU
		{26A2D9CF-10A6-4A49-AE21-4D2D92A91D20}.Release|Any CPU.ActiveCfg = Release|Any CPU
		{26A2D9CF-10A6-4A49-AE21-4D2D92A91D20}.Release|Any CPU.Build.0 = Release|Any CPU
		{87A4ACAD-8386-4ED2-8C76-175CA7179A3A}.Debug|Any CPU.ActiveCfg = Debug|Any CPU
		{87A4ACAD-8386-4ED2-8C76-175CA7179A3A}.Debug|Any CPU.Build.0 = Debug|Any CPU
		{87A4ACAD-8386-4ED2-8C76-175CA7179A3A}.Release|Any CPU.ActiveCfg = Release|Any CPU
		{87A4ACAD-8386-4ED2-8C76-175CA7179A3A}.Release|Any CPU.Build.0 = Release|Any CPU
		{A1F6B3FD-A77D-4BCE-B69F-3598F2DA7874}.Debug|Any CPU.ActiveCfg = Debug|Any CPU
		{A1F6B3FD-A77D-4BCE-B69F-3598F2DA7874}.Debug|Any CPU.Build.0 = Debug|Any CPU
		{A1F6B3FD-A77D-4BCE-B69F-3598F2DA7874}.Release|Any CPU.ActiveCfg = Release|Any CPU
		{A1F6B3FD-A77D-4BCE-B69F-3598F2DA7874}.Release|Any CPU.Build.0 = Release|Any CPU
	EndGlobalSection
	GlobalSection(SolutionProperties) = preSolution
		HideSolutionNode = FALSE
	EndGlobalSection
	GlobalSection(ExtensibilityGlobals) = postSolution
		SolutionGuid = {B2A18964-28FB-4D27-B21F-88FF3482A8AD}
	EndGlobalSection
EndGlobal
