
Microsoft Visual Studio Solution File, Format Version 12.00
# Visual Studio 15
VisualStudioVersion = 15.0.27703.2047
MinimumVisualStudioVersion = 10.0.40219.1
Project("{FAE04EC0-301F-11D3-BF4B-00C04F79EFBC}") = "EntidadesFinancieras", "EntidadesFinancieras\EntidadesFinancieras.csproj", "{2B191C1F-ADD4-4C85-8177-D3917D56D0A7}"
EndProject
Project("{FAE04EC0-301F-11D3-BF4B-00C04F79EFBC}") = "Test", "Test\Test.csproj", "{BE83C45D-4606-4486-93B4-2B28634C5537}"
EndProject
Global
	GlobalSection(SolutionConfigurationPlatforms) = preSolution
		Debug|Any CPU = Debug|Any CPU
		Release|Any CPU = Release|Any CPU
	EndGlobalSection
	GlobalSection(ProjectConfigurationPlatforms) = postSolution
		{2B191C1F-ADD4-4C85-8177-D3917D56D0A7}.Debug|Any CPU.ActiveCfg = Debug|Any CPU
		{2B191C1F-ADD4-4C85-8177-D3917D56D0A7}.Debug|Any CPU.Build.0 = Debug|Any CPU
		{2B191C1F-ADD4-4C85-8177-D3917D56D0A7}.Release|Any CPU.ActiveCfg = Release|Any CPU
		{2B191C1F-ADD4-4C85-8177-D3917D56D0A7}.Release|Any CPU.Build.0 = Release|Any CPU
		{BE83C45D-4606-4486-93B4-2B28634C5537}.Debug|Any CPU.ActiveCfg = Debug|Any CPU
		{BE83C45D-4606-4486-93B4-2B28634C5537}.Debug|Any CPU.Build.0 = Debug|Any CPU
		{BE83C45D-4606-4486-93B4-2B28634C5537}.Release|Any CPU.ActiveCfg = Release|Any CPU
		{BE83C45D-4606-4486-93B4-2B28634C5537}.Release|Any CPU.Build.0 = Release|Any CPU
	EndGlobalSection
	GlobalSection(SolutionProperties) = preSolution
		HideSolutionNode = FALSE
	EndGlobalSection
	GlobalSection(ExtensibilityGlobals) = postSolution
		SolutionGuid = {F679CC49-1FD1-46F5-8BC5-A24C47ED07CC}
	EndGlobalSection
EndGlobal
