
Microsoft Visual Studio Solution File, Format Version 12.00
# Visual Studio 15
VisualStudioVersion = 15.0.27703.2047
MinimumVisualStudioVersion = 10.0.40219.1
Project("{FAE04EC0-301F-11D3-BF4B-00C04F79EFBC}") = "Clase_01", "Ejercicio_01\Clase_01.csproj", "{C8C72599-02AA-4D80-AC7F-D040FB0E9493}"
EndProject
Project("{FAE04EC0-301F-11D3-BF4B-00C04F79EFBC}") = "Ejercicio_01", "Ejercicio_02\Ejercicio_01.csproj", "{D72DBB48-A4BC-4285-9503-9F1A816F996E}"
EndProject
Project("{FAE04EC0-301F-11D3-BF4B-00C04F79EFBC}") = "Ejercicio_02", "Ejercicio_03\Ejercicio_02.csproj", "{0B330E98-041F-4D95-A9E3-1EB7A5183FC6}"
EndProject
Project("{FAE04EC0-301F-11D3-BF4B-00C04F79EFBC}") = "Ejercicio_03", "Ejercicio_04\Ejercicio_03.csproj", "{D89CE1B4-2FDD-4E8C-A70E-AA12DB0E8AFE}"
EndProject
Project("{FAE04EC0-301F-11D3-BF4B-00C04F79EFBC}") = "Ejercicio_04", "Ejercicio_05\Ejercicio_04.csproj", "{FA429B19-5AB3-4172-92CF-5C9F19FBFAFB}"
EndProject
Project("{FAE04EC0-301F-11D3-BF4B-00C04F79EFBC}") = "Clase_02", "Clase_02\Clase_02.csproj", "{5350C7EB-BA95-43EE-A614-294C5117F273}"
EndProject
Project("{FAE04EC0-301F-11D3-BF4B-00C04F79EFBC}") = "MiLibreria", "MiLibreria\MiLibreria.csproj", "{DCF2ACE8-A986-4D98-A9CE-C552935E62E0}"
EndProject
Project("{FAE04EC0-301F-11D3-BF4B-00C04F79EFBC}") = "Clase_02.Entidades", "Clase_02.Entidades\Clase_02.Entidades.csproj", "{5B5F5B89-CFA2-4C8A-B6D7-FFF5A1537255}"
EndProject
Project("{FAE04EC0-301F-11D3-BF4B-00C04F79EFBC}") = "Ejercicio_05", "Ejercicio_06\Ejercicio_05.csproj", "{F223DA48-62F3-4CE9-BE73-E9F833A1C333}"
EndProject
Project("{FAE04EC0-301F-11D3-BF4B-00C04F79EFBC}") = "Ejercicio_06", "Ejercicio_07\Ejercicio_06.csproj", "{7027BE44-677C-4C1E-9D33-7C10456548AB}"
EndProject
Project("{FAE04EC0-301F-11D3-BF4B-00C04F79EFBC}") = "Ejercicio_07", "Ejercicio_08\Ejercicio_07.csproj", "{A42219A3-673A-47E6-9451-FA0B31C1C9B8}"
EndProject
Project("{FAE04EC0-301F-11D3-BF4B-00C04F79EFBC}") = "Ejercicio_09", "Ejercicio_09\Ejercicio_09.csproj", "{6EF73CCD-38F4-41F4-A215-80DA4209C0D1}"
EndProject
Project("{FAE04EC0-301F-11D3-BF4B-00C04F79EFBC}") = "Ejercicio_10", "Ejercicio_10\Ejercicio_10.csproj", "{50221B2E-EDAC-44B2-B485-076394EFB919}"
EndProject
Project("{FAE04EC0-301F-11D3-BF4B-00C04F79EFBC}") = "Ejercicio_11", "Ejercicio_11\Ejercicio_11.csproj", "{F2FC84D4-1FFA-4BAA-8EEB-03060D67D949}"
EndProject
Project("{FAE04EC0-301F-11D3-BF4B-00C04F79EFBC}") = "Ejercicio_12", "Ejercicio_12\Ejercicio_12.csproj", "{A5713433-3510-410D-9E40-C4A4EF19F575}"
EndProject
Project("{FAE04EC0-301F-11D3-BF4B-00C04F79EFBC}") = "Ejercicio_13", "Ejercicio_13\Ejercicio_13.csproj", "{40CB5473-E704-4281-A2E7-8F899C974B8D}"
EndProject
Project("{FAE04EC0-301F-11D3-BF4B-00C04F79EFBC}") = "Clase_03", "Clase_03\Clase_03.csproj", "{60925E97-49C0-40C8-A94C-34AFDFA8F6AF}"
EndProject
Project("{FAE04EC0-301F-11D3-BF4B-00C04F79EFBC}") = "Ejercicio_16", "Ejercicio_16\Ejercicio_16.csproj", "{75FA6129-32A1-4826-833A-A87D188F274D}"
EndProject
Project("{FAE04EC0-301F-11D3-BF4B-00C04F79EFBC}") = "Ejercicio_14", "Ejercicio_14\Ejercicio_14.csproj", "{93D70FF8-A506-4598-AFB8-A6DDB246CA97}"
EndProject
Project("{FAE04EC0-301F-11D3-BF4B-00C04F79EFBC}") = "Ejercicio_15", "Ejercicio_15\Ejercicio_15.csproj", "{8F7D25AC-44AB-4F1C-A358-2441253767E4}"
EndProject
Project("{FAE04EC0-301F-11D3-BF4B-00C04F79EFBC}") = "Clase_04.Entidades", "Clase_04.Entidades\Clase_04.Entidades.csproj", "{9D94D645-4FAF-4B58-AC5C-2191CCD2FB9E}"
EndProject
Project("{FAE04EC0-301F-11D3-BF4B-00C04F79EFBC}") = "Clase_04", "Clase_04\Clase_04.csproj", "{1B4BB416-652A-44AB-AF12-0E7FCC3A7491}"
EndProject
Project("{FAE04EC0-301F-11D3-BF4B-00C04F79EFBC}") = "Clase_04.WindowsForm", "Clase_04.WindowsForm\Clase_04.WindowsForm.csproj", "{E0D11158-328B-4108-8D0B-68CA2054917D}"
EndProject
Global
	GlobalSection(SolutionConfigurationPlatforms) = preSolution
		Debug|Any CPU = Debug|Any CPU
		Release|Any CPU = Release|Any CPU
	EndGlobalSection
	GlobalSection(ProjectConfigurationPlatforms) = postSolution
		{C8C72599-02AA-4D80-AC7F-D040FB0E9493}.Debug|Any CPU.ActiveCfg = Debug|Any CPU
		{C8C72599-02AA-4D80-AC7F-D040FB0E9493}.Debug|Any CPU.Build.0 = Debug|Any CPU
		{C8C72599-02AA-4D80-AC7F-D040FB0E9493}.Release|Any CPU.ActiveCfg = Release|Any CPU
		{C8C72599-02AA-4D80-AC7F-D040FB0E9493}.Release|Any CPU.Build.0 = Release|Any CPU
		{D72DBB48-A4BC-4285-9503-9F1A816F996E}.Debug|Any CPU.ActiveCfg = Debug|Any CPU
		{D72DBB48-A4BC-4285-9503-9F1A816F996E}.Debug|Any CPU.Build.0 = Debug|Any CPU
		{D72DBB48-A4BC-4285-9503-9F1A816F996E}.Release|Any CPU.ActiveCfg = Release|Any CPU
		{D72DBB48-A4BC-4285-9503-9F1A816F996E}.Release|Any CPU.Build.0 = Release|Any CPU
		{0B330E98-041F-4D95-A9E3-1EB7A5183FC6}.Debug|Any CPU.ActiveCfg = Debug|Any CPU
		{0B330E98-041F-4D95-A9E3-1EB7A5183FC6}.Debug|Any CPU.Build.0 = Debug|Any CPU
		{0B330E98-041F-4D95-A9E3-1EB7A5183FC6}.Release|Any CPU.ActiveCfg = Release|Any CPU
		{0B330E98-041F-4D95-A9E3-1EB7A5183FC6}.Release|Any CPU.Build.0 = Release|Any CPU
		{D89CE1B4-2FDD-4E8C-A70E-AA12DB0E8AFE}.Debug|Any CPU.ActiveCfg = Debug|Any CPU
		{D89CE1B4-2FDD-4E8C-A70E-AA12DB0E8AFE}.Debug|Any CPU.Build.0 = Debug|Any CPU
		{D89CE1B4-2FDD-4E8C-A70E-AA12DB0E8AFE}.Release|Any CPU.ActiveCfg = Release|Any CPU
		{D89CE1B4-2FDD-4E8C-A70E-AA12DB0E8AFE}.Release|Any CPU.Build.0 = Release|Any CPU
		{FA429B19-5AB3-4172-92CF-5C9F19FBFAFB}.Debug|Any CPU.ActiveCfg = Debug|Any CPU
		{FA429B19-5AB3-4172-92CF-5C9F19FBFAFB}.Debug|Any CPU.Build.0 = Debug|Any CPU
		{FA429B19-5AB3-4172-92CF-5C9F19FBFAFB}.Release|Any CPU.ActiveCfg = Release|Any CPU
		{FA429B19-5AB3-4172-92CF-5C9F19FBFAFB}.Release|Any CPU.Build.0 = Release|Any CPU
		{5350C7EB-BA95-43EE-A614-294C5117F273}.Debug|Any CPU.ActiveCfg = Debug|Any CPU
		{5350C7EB-BA95-43EE-A614-294C5117F273}.Debug|Any CPU.Build.0 = Debug|Any CPU
		{5350C7EB-BA95-43EE-A614-294C5117F273}.Release|Any CPU.ActiveCfg = Release|Any CPU
		{5350C7EB-BA95-43EE-A614-294C5117F273}.Release|Any CPU.Build.0 = Release|Any CPU
		{DCF2ACE8-A986-4D98-A9CE-C552935E62E0}.Debug|Any CPU.ActiveCfg = Debug|Any CPU
		{DCF2ACE8-A986-4D98-A9CE-C552935E62E0}.Debug|Any CPU.Build.0 = Debug|Any CPU
		{DCF2ACE8-A986-4D98-A9CE-C552935E62E0}.Release|Any CPU.ActiveCfg = Release|Any CPU
		{DCF2ACE8-A986-4D98-A9CE-C552935E62E0}.Release|Any CPU.Build.0 = Release|Any CPU
		{5B5F5B89-CFA2-4C8A-B6D7-FFF5A1537255}.Debug|Any CPU.ActiveCfg = Debug|Any CPU
		{5B5F5B89-CFA2-4C8A-B6D7-FFF5A1537255}.Debug|Any CPU.Build.0 = Debug|Any CPU
		{5B5F5B89-CFA2-4C8A-B6D7-FFF5A1537255}.Release|Any CPU.ActiveCfg = Release|Any CPU
		{5B5F5B89-CFA2-4C8A-B6D7-FFF5A1537255}.Release|Any CPU.Build.0 = Release|Any CPU
		{F223DA48-62F3-4CE9-BE73-E9F833A1C333}.Debug|Any CPU.ActiveCfg = Debug|Any CPU
		{F223DA48-62F3-4CE9-BE73-E9F833A1C333}.Debug|Any CPU.Build.0 = Debug|Any CPU
		{F223DA48-62F3-4CE9-BE73-E9F833A1C333}.Release|Any CPU.ActiveCfg = Release|Any CPU
		{F223DA48-62F3-4CE9-BE73-E9F833A1C333}.Release|Any CPU.Build.0 = Release|Any CPU
		{7027BE44-677C-4C1E-9D33-7C10456548AB}.Debug|Any CPU.ActiveCfg = Debug|Any CPU
		{7027BE44-677C-4C1E-9D33-7C10456548AB}.Debug|Any CPU.Build.0 = Debug|Any CPU
		{7027BE44-677C-4C1E-9D33-7C10456548AB}.Release|Any CPU.ActiveCfg = Release|Any CPU
		{7027BE44-677C-4C1E-9D33-7C10456548AB}.Release|Any CPU.Build.0 = Release|Any CPU
		{A42219A3-673A-47E6-9451-FA0B31C1C9B8}.Debug|Any CPU.ActiveCfg = Debug|Any CPU
		{A42219A3-673A-47E6-9451-FA0B31C1C9B8}.Debug|Any CPU.Build.0 = Debug|Any CPU
		{A42219A3-673A-47E6-9451-FA0B31C1C9B8}.Release|Any CPU.ActiveCfg = Release|Any CPU
		{A42219A3-673A-47E6-9451-FA0B31C1C9B8}.Release|Any CPU.Build.0 = Release|Any CPU
		{6EF73CCD-38F4-41F4-A215-80DA4209C0D1}.Debug|Any CPU.ActiveCfg = Debug|Any CPU
		{6EF73CCD-38F4-41F4-A215-80DA4209C0D1}.Debug|Any CPU.Build.0 = Debug|Any CPU
		{6EF73CCD-38F4-41F4-A215-80DA4209C0D1}.Release|Any CPU.ActiveCfg = Release|Any CPU
		{6EF73CCD-38F4-41F4-A215-80DA4209C0D1}.Release|Any CPU.Build.0 = Release|Any CPU
		{50221B2E-EDAC-44B2-B485-076394EFB919}.Debug|Any CPU.ActiveCfg = Debug|Any CPU
		{50221B2E-EDAC-44B2-B485-076394EFB919}.Debug|Any CPU.Build.0 = Debug|Any CPU
		{50221B2E-EDAC-44B2-B485-076394EFB919}.Release|Any CPU.ActiveCfg = Release|Any CPU
		{50221B2E-EDAC-44B2-B485-076394EFB919}.Release|Any CPU.Build.0 = Release|Any CPU
		{F2FC84D4-1FFA-4BAA-8EEB-03060D67D949}.Debug|Any CPU.ActiveCfg = Debug|Any CPU
		{F2FC84D4-1FFA-4BAA-8EEB-03060D67D949}.Debug|Any CPU.Build.0 = Debug|Any CPU
		{F2FC84D4-1FFA-4BAA-8EEB-03060D67D949}.Release|Any CPU.ActiveCfg = Release|Any CPU
		{F2FC84D4-1FFA-4BAA-8EEB-03060D67D949}.Release|Any CPU.Build.0 = Release|Any CPU
		{A5713433-3510-410D-9E40-C4A4EF19F575}.Debug|Any CPU.ActiveCfg = Debug|Any CPU
		{A5713433-3510-410D-9E40-C4A4EF19F575}.Debug|Any CPU.Build.0 = Debug|Any CPU
		{A5713433-3510-410D-9E40-C4A4EF19F575}.Release|Any CPU.ActiveCfg = Release|Any CPU
		{A5713433-3510-410D-9E40-C4A4EF19F575}.Release|Any CPU.Build.0 = Release|Any CPU
		{40CB5473-E704-4281-A2E7-8F899C974B8D}.Debug|Any CPU.ActiveCfg = Debug|Any CPU
		{40CB5473-E704-4281-A2E7-8F899C974B8D}.Debug|Any CPU.Build.0 = Debug|Any CPU
		{40CB5473-E704-4281-A2E7-8F899C974B8D}.Release|Any CPU.ActiveCfg = Release|Any CPU
		{40CB5473-E704-4281-A2E7-8F899C974B8D}.Release|Any CPU.Build.0 = Release|Any CPU
		{60925E97-49C0-40C8-A94C-34AFDFA8F6AF}.Debug|Any CPU.ActiveCfg = Debug|Any CPU
		{60925E97-49C0-40C8-A94C-34AFDFA8F6AF}.Debug|Any CPU.Build.0 = Debug|Any CPU
		{60925E97-49C0-40C8-A94C-34AFDFA8F6AF}.Release|Any CPU.ActiveCfg = Release|Any CPU
		{60925E97-49C0-40C8-A94C-34AFDFA8F6AF}.Release|Any CPU.Build.0 = Release|Any CPU
		{75FA6129-32A1-4826-833A-A87D188F274D}.Debug|Any CPU.ActiveCfg = Debug|Any CPU
		{75FA6129-32A1-4826-833A-A87D188F274D}.Debug|Any CPU.Build.0 = Debug|Any CPU
		{75FA6129-32A1-4826-833A-A87D188F274D}.Release|Any CPU.ActiveCfg = Release|Any CPU
		{75FA6129-32A1-4826-833A-A87D188F274D}.Release|Any CPU.Build.0 = Release|Any CPU
		{93D70FF8-A506-4598-AFB8-A6DDB246CA97}.Debug|Any CPU.ActiveCfg = Debug|Any CPU
		{93D70FF8-A506-4598-AFB8-A6DDB246CA97}.Debug|Any CPU.Build.0 = Debug|Any CPU
		{93D70FF8-A506-4598-AFB8-A6DDB246CA97}.Release|Any CPU.ActiveCfg = Release|Any CPU
		{93D70FF8-A506-4598-AFB8-A6DDB246CA97}.Release|Any CPU.Build.0 = Release|Any CPU
		{8F7D25AC-44AB-4F1C-A358-2441253767E4}.Debug|Any CPU.ActiveCfg = Debug|Any CPU
		{8F7D25AC-44AB-4F1C-A358-2441253767E4}.Debug|Any CPU.Build.0 = Debug|Any CPU
		{8F7D25AC-44AB-4F1C-A358-2441253767E4}.Release|Any CPU.ActiveCfg = Release|Any CPU
		{8F7D25AC-44AB-4F1C-A358-2441253767E4}.Release|Any CPU.Build.0 = Release|Any CPU
		{9D94D645-4FAF-4B58-AC5C-2191CCD2FB9E}.Debug|Any CPU.ActiveCfg = Debug|Any CPU
		{9D94D645-4FAF-4B58-AC5C-2191CCD2FB9E}.Debug|Any CPU.Build.0 = Debug|Any CPU
		{9D94D645-4FAF-4B58-AC5C-2191CCD2FB9E}.Release|Any CPU.ActiveCfg = Release|Any CPU
		{9D94D645-4FAF-4B58-AC5C-2191CCD2FB9E}.Release|Any CPU.Build.0 = Release|Any CPU
		{1B4BB416-652A-44AB-AF12-0E7FCC3A7491}.Debug|Any CPU.ActiveCfg = Debug|Any CPU
		{1B4BB416-652A-44AB-AF12-0E7FCC3A7491}.Debug|Any CPU.Build.0 = Debug|Any CPU
		{1B4BB416-652A-44AB-AF12-0E7FCC3A7491}.Release|Any CPU.ActiveCfg = Release|Any CPU
		{1B4BB416-652A-44AB-AF12-0E7FCC3A7491}.Release|Any CPU.Build.0 = Release|Any CPU
		{E0D11158-328B-4108-8D0B-68CA2054917D}.Debug|Any CPU.ActiveCfg = Debug|Any CPU
		{E0D11158-328B-4108-8D0B-68CA2054917D}.Debug|Any CPU.Build.0 = Debug|Any CPU
		{E0D11158-328B-4108-8D0B-68CA2054917D}.Release|Any CPU.ActiveCfg = Release|Any CPU
		{E0D11158-328B-4108-8D0B-68CA2054917D}.Release|Any CPU.Build.0 = Release|Any CPU
	EndGlobalSection
	GlobalSection(SolutionProperties) = preSolution
		HideSolutionNode = FALSE
	EndGlobalSection
	GlobalSection(ExtensibilityGlobals) = postSolution
		SolutionGuid = {A9D121BE-DC25-4E9A-B057-EF4929A30551}
	EndGlobalSection
EndGlobal
